PODS:
  - XMaterialProgressView (0.1.0)

DEPENDENCIES:
  - XMaterialProgressView (from `../`)

EXTERNAL SOURCES:
  XMaterialProgressView:
    :path: "../"

SPEC CHECKSUMS:
  XMaterialProgressView: 663c9b547b2780dbd05c5e9ae95d829df7de76fa

PODFILE CHECKSUM: 1fac33716a459274afa84d650d34245961517b02

COCOAPODS: 1.16.2
